
Microsoft Visual Studio Solution File, Format Version 12.00
# Visual Studio Version 17
VisualStudioVersion = 17.10.35122.118
MinimumVisualStudioVersion = 10.0.40219.1
Project("{9A19103F-16F7-4668-BE54-9A1E7A4F7556}") = "BisterLib", "BisterLib\BisterLib.csproj", "{D405FD49-17AF-4D78-87ED-73A541834383}"
EndProject
Project("{9A19103F-16F7-4668-BE54-9A1E7A4F7556}") = "BisterLib.UnitTest", "BisterLib.UnitTest\BisterLib.UnitTest.csproj", "{E69F077C-E8A3-4717-B6DB-5FF510D4FEB1}"
EndProject
Project("{9A19103F-16F7-4668-BE54-9A1E7A4F7556}") = "BisterUnitTestTypes", "BisterLib.UnitTest\BisterUnitTestTypes\BisterUnitTestTypes.csproj", "{038511B9-DD78-4DD4-8EFC-F04D85F9546B}"
EndProject
Project("{FAE04EC0-301F-11D3-BF4B-00C04F79EFBC}") = "BisterBenchmarks", "BisterBenchmarks\BisterBenchmarks.csproj", "{4DA76215-1D1B-410B-820C-82C62172620D}"
EndProject
Global
	GlobalSection(SolutionConfigurationPlatforms) = preSolution
		Debug|Any CPU = Debug|Any CPU
		Release|Any CPU = Release|Any CPU
	EndGlobalSection
	GlobalSection(ProjectConfigurationPlatforms) = postSolution
		{D405FD49-17AF-4D78-87ED-73A541834383}.Debug|Any CPU.ActiveCfg = Debug|Any CPU
		{D405FD49-17AF-4D78-87ED-73A541834383}.Debug|Any CPU.Build.0 = Debug|Any CPU
		{D405FD49-17AF-4D78-87ED-73A541834383}.Release|Any CPU.ActiveCfg = Release|Any CPU
		{D405FD49-17AF-4D78-87ED-73A541834383}.Release|Any CPU.Build.0 = Release|Any CPU
		{E69F077C-E8A3-4717-B6DB-5FF510D4FEB1}.Debug|Any CPU.ActiveCfg = Debug|Any CPU
		{E69F077C-E8A3-4717-B6DB-5FF510D4FEB1}.Debug|Any CPU.Build.0 = Debug|Any CPU
		{E69F077C-E8A3-4717-B6DB-5FF510D4FEB1}.Release|Any CPU.ActiveCfg = Release|Any CPU
		{E69F077C-E8A3-4717-B6DB-5FF510D4FEB1}.Release|Any CPU.Build.0 = Release|Any CPU
		{038511B9-DD78-4DD4-8EFC-F04D85F9546B}.Debug|Any CPU.ActiveCfg = Debug|Any CPU
		{038511B9-DD78-4DD4-8EFC-F04D85F9546B}.Debug|Any CPU.Build.0 = Debug|Any CPU
		{038511B9-DD78-4DD4-8EFC-F04D85F9546B}.Release|Any CPU.ActiveCfg = Release|Any CPU
		{038511B9-DD78-4DD4-8EFC-F04D85F9546B}.Release|Any CPU.Build.0 = Release|Any CPU
		{4DA76215-1D1B-410B-820C-82C62172620D}.Debug|Any CPU.ActiveCfg = Debug|Any CPU
		{4DA76215-1D1B-410B-820C-82C62172620D}.Debug|Any CPU.Build.0 = Debug|Any CPU
		{4DA76215-1D1B-410B-820C-82C62172620D}.Release|Any CPU.ActiveCfg = Release|Any CPU
		{4DA76215-1D1B-410B-820C-82C62172620D}.Release|Any CPU.Build.0 = Release|Any CPU
	EndGlobalSection
	GlobalSection(SolutionProperties) = preSolution
		HideSolutionNode = FALSE
	EndGlobalSection
	GlobalSection(ExtensibilityGlobals) = postSolution
		SolutionGuid = {FA4C65CA-11EB-45FC-8D7F-1C1FA3F8E33E}
	EndGlobalSection
EndGlobal
